
Microsoft Visual Studio Solution File, Format Version 12.00
# Visual Studio Version 16
VisualStudioVersion = 16.0.28803.202
MinimumVisualStudioVersion = 10.0.40219.1
Project("{FAE04EC0-301F-11D3-BF4B-00C04F79EFBC}") = "FiddlerXmlPrettifier", "FiddlerXmlPrettifier\FiddlerXmlPrettifier.csproj", "{5A588F27-DCA5-4B31-85AB-05AD7B7C5CFF}"
EndProject
Global
	GlobalSection(SolutionConfigurationPlatforms) = preSolution
		Debug|Any CPU = Debug|Any CPU
		Release|Any CPU = Release|Any CPU
	EndGlobalSection
	GlobalSection(ProjectConfigurationPlatforms) = postSolution
		{5A588F27-DCA5-4B31-85AB-05AD7B7C5CFF}.Debug|Any CPU.ActiveCfg = Debug|Any CPU
		{5A588F27-DCA5-4B31-85AB-05AD7B7C5CFF}.Debug|Any CPU.Build.0 = Debug|Any CPU
		{5A588F27-DCA5-4B31-85AB-05AD7B7C5CFF}.Release|Any CPU.ActiveCfg = Release|Any CPU
		{5A588F27-DCA5-4B31-85AB-05AD7B7C5CFF}.Release|Any CPU.Build.0 = Release|Any CPU
	EndGlobalSection
	GlobalSection(SolutionProperties) = preSolution
		HideSolutionNode = FALSE
	EndGlobalSection
	GlobalSection(ExtensibilityGlobals) = postSolution
		SolutionGuid = {4E7E3E37-6A13-45DE-ABFF-A8F423E95BCB}
	EndGlobalSection
EndGlobal
